
Microsoft Visual Studio Solution File, Format Version 12.00
# Visual Studio 15
VisualStudioVersion = 15.0.28307.645
MinimumVisualStudioVersion = 10.0.40219.1
Project("{888888A0-9F3D-457C-B088-3A5042F75D52}") = "CrappyBirds", "CrappyBirds.pyproj", "{A715740D-3543-421A-A43D-61823FCC5978}"
EndProject
Global
	GlobalSection(SolutionConfigurationPlatforms) = preSolution
		Debug|Any CPU = Debug|Any CPU
		Release|Any CPU = Release|Any CPU
	EndGlobalSection
	GlobalSection(ProjectConfigurationPlatforms) = postSolution
		{A715740D-3543-421A-A43D-61823FCC5978}.Debug|Any CPU.ActiveCfg = Debug|Any CPU
		{A715740D-3543-421A-A43D-61823FCC5978}.Release|Any CPU.ActiveCfg = Release|Any CPU
	EndGlobalSection
	GlobalSection(SolutionProperties) = preSolution
		HideSolutionNode = FALSE
	EndGlobalSection
	GlobalSection(ExtensibilityGlobals) = postSolution
		SolutionGuid = {D637AD17-3210-440C-9A71-4D524C80D58E}
	EndGlobalSection
EndGlobal
